# This file was autogenerated by Stack.
# You should not edit this file by hand.
# For more information, please see the documentation at:
#   https://docs.haskellstack.org/en/stable/lock_files

packages:
- completed:
    hackage: network-uri-json-0.4.0.0@sha256:db352d12654c4cf218098d91d4b3f1c5eef0f8afae2f93bd1b989595caf3a738,2092
    pantry-tree:
      size: 493
      sha256: e7a5584a406eb3b8224160227863fc6a21b5fadab066cd8ab113cb3ba22ce43c
  original:
    hackage: network-uri-json-0.4.0.0@sha256:db352d12654c4cf218098d91d4b3f1c5eef0f8afae2f93bd1b989595caf3a738,2092
snapshots:
- completed:
    size: 567241
    url: https://raw.githubusercontent.com/commercialhaskell/stackage-snapshots/master/lts/17/10.yaml
    sha256: 321b3b9f0c7f76994b39e0dabafdc76478274b4ff74cc5e43d410897a335ad3b
  original: lts-17.10
